
Microsoft Visual Studio Solution File, Format Version 12.00
# Visual Studio Version 17
VisualStudioVersion = 17.3.32825.248
MinimumVisualStudioVersion = 10.0.40219.1
Project("{9A19103F-16F7-4668-BE54-9A1E7A4F7556}") = "HomeworkFour", "HomeworkFour\HomeworkFour.csproj", "{78D13290-FE66-41A2-8420-AB25B08C939C}"
EndProject
Project("{9A19103F-16F7-4668-BE54-9A1E7A4F7556}") = "HomeworkFourTests", "HomeworkFourTests\HomeworkFourTests.csproj", "{60532A55-E8F2-4F2B-BD07-87A572B3E4B2}"
EndProject
Project("{9A19103F-16F7-4668-BE54-9A1E7A4F7556}") = "SpreadsheetEngine", "SpreadsheetEngine\SpreadsheetEngine.csproj", "{CE26B32D-D4EC-4696-B36D-E970F1CCEAD0}"
EndProject
Global
	GlobalSection(SolutionConfigurationPlatforms) = preSolution
		Debug|Any CPU = Debug|Any CPU
		Release|Any CPU = Release|Any CPU
	EndGlobalSection
	GlobalSection(ProjectConfigurationPlatforms) = postSolution
		{78D13290-FE66-41A2-8420-AB25B08C939C}.Debug|Any CPU.ActiveCfg = Debug|Any CPU
		{78D13290-FE66-41A2-8420-AB25B08C939C}.Debug|Any CPU.Build.0 = Debug|Any CPU
		{78D13290-FE66-41A2-8420-AB25B08C939C}.Release|Any CPU.ActiveCfg = Release|Any CPU
		{78D13290-FE66-41A2-8420-AB25B08C939C}.Release|Any CPU.Build.0 = Release|Any CPU
		{60532A55-E8F2-4F2B-BD07-87A572B3E4B2}.Debug|Any CPU.ActiveCfg = Debug|Any CPU
		{60532A55-E8F2-4F2B-BD07-87A572B3E4B2}.Debug|Any CPU.Build.0 = Debug|Any CPU
		{60532A55-E8F2-4F2B-BD07-87A572B3E4B2}.Release|Any CPU.ActiveCfg = Release|Any CPU
		{60532A55-E8F2-4F2B-BD07-87A572B3E4B2}.Release|Any CPU.Build.0 = Release|Any CPU
		{CE26B32D-D4EC-4696-B36D-E970F1CCEAD0}.Debug|Any CPU.ActiveCfg = Debug|Any CPU
		{CE26B32D-D4EC-4696-B36D-E970F1CCEAD0}.Debug|Any CPU.Build.0 = Debug|Any CPU
		{CE26B32D-D4EC-4696-B36D-E970F1CCEAD0}.Release|Any CPU.ActiveCfg = Release|Any CPU
		{CE26B32D-D4EC-4696-B36D-E970F1CCEAD0}.Release|Any CPU.Build.0 = Release|Any CPU
	EndGlobalSection
	GlobalSection(SolutionProperties) = preSolution
		HideSolutionNode = FALSE
	EndGlobalSection
	GlobalSection(ExtensibilityGlobals) = postSolution
		SolutionGuid = {D6A76157-D933-463C-B573-541F15C06CA5}
	EndGlobalSection
EndGlobal
